
Microsoft Visual Studio Solution File, Format Version 12.00
# Visual Studio 15
VisualStudioVersion = 15.0.28307.1684
MinimumVisualStudioVersion = 10.0.40219.1
Project("{FAE04EC0-301F-11D3-BF4B-00C04F79EFBC}") = "UnityCS", "UnityCS\UnityCS.csproj", "{05F471D8-3ABC-41C7-9DA6-DB23EFDD3BF1}"
EndProject
Project("{FAE04EC0-301F-11D3-BF4B-00C04F79EFBC}") = "WOWSKILLEDITOR", "WOWSKILLEDITOR\WOWSKILLEDITOR.csproj", "{6E664DAF-2114-41C8-B61C-6B1024F5600E}"
EndProject
Project("{FAE04EC0-301F-11D3-BF4B-00C04F79EFBC}") = "WOWMAPEDITOR", "WOWMAPEDITOR\WOWMAPEDITOR.csproj", "{48CF13C6-6B17-4C6A-B887-688E3EDFBD57}"
EndProject
Project("{FAE04EC0-301F-11D3-BF4B-00C04F79EFBC}") = "00Using", "00Using\00Using.csproj", "{690B925D-1128-4A81-AA1B-4931E9AF2628}"
EndProject
Project("{FAE04EC0-301F-11D3-BF4B-00C04F79EFBC}") = "01Class", "01Class\01Class.csproj", "{355358CD-4232-4540-92C2-AFAD0799C02E}"
EndProject
Project("{FAE04EC0-301F-11D3-BF4B-00C04F79EFBC}") = "02NameSpace", "02NameSpace\02NameSpace.csproj", "{FB21120B-FE9B-4E51-A569-9C0C603FDDC3}"
EndProject
Project("{FAE04EC0-301F-11D3-BF4B-00C04F79EFBC}") = "03CodeStartAndReading", "03CodeStartAndReading\03CodeStartAndReading.csproj", "{C940883F-4EAE-4872-A3DB-2473E2D3E33E}"
EndProject
Project("{FAE04EC0-301F-11D3-BF4B-00C04F79EFBC}") = "04MemberVar", "04MemberVar\04MemberVar.csproj", "{9690FD9E-54F4-4B44-A401-7D33D8E2896B}"
EndProject
Project("{FAE04EC0-301F-11D3-BF4B-00C04F79EFBC}") = "05MemberFunc", "05MemberFunc\05MemberFunc.csproj", "{4828ACE9-7F35-443C-97AC-A787831D539D}"
EndProject
Project("{FAE04EC0-301F-11D3-BF4B-00C04F79EFBC}") = "06LocalVar", "06LocalVar\06LocalVar.csproj", "{B4441992-1AA9-4ADE-A8B6-401B87DC7B7B}"
EndProject
Project("{FAE04EC0-301F-11D3-BF4B-00C04F79EFBC}") = "07ClassAccess", "07ClassAccess\07ClassAccess.csproj", "{EECCB47A-D890-46BC-B487-B291ABF2A060}"
EndProject
Project("{FAE04EC0-301F-11D3-BF4B-00C04F79EFBC}") = "08FuncEX", "08FuncEX\08FuncEX.csproj", "{BEE73421-C7E4-47AF-8893-373091A93B51}"
EndProject
Project("{FAE04EC0-301F-11D3-BF4B-00C04F79EFBC}") = "09Operator", "09Operator\09Operator.csproj", "{F068384B-2D31-4DD6-B2F0-39325FE50994}"
EndProject
Global
	GlobalSection(SolutionConfigurationPlatforms) = preSolution
		Debug|Any CPU = Debug|Any CPU
		Release|Any CPU = Release|Any CPU
	EndGlobalSection
	GlobalSection(ProjectConfigurationPlatforms) = postSolution
		{05F471D8-3ABC-41C7-9DA6-DB23EFDD3BF1}.Debug|Any CPU.ActiveCfg = Debug|Any CPU
		{05F471D8-3ABC-41C7-9DA6-DB23EFDD3BF1}.Debug|Any CPU.Build.0 = Debug|Any CPU
		{05F471D8-3ABC-41C7-9DA6-DB23EFDD3BF1}.Release|Any CPU.ActiveCfg = Release|Any CPU
		{05F471D8-3ABC-41C7-9DA6-DB23EFDD3BF1}.Release|Any CPU.Build.0 = Release|Any CPU
		{6E664DAF-2114-41C8-B61C-6B1024F5600E}.Debug|Any CPU.ActiveCfg = Debug|Any CPU
		{6E664DAF-2114-41C8-B61C-6B1024F5600E}.Debug|Any CPU.Build.0 = Debug|Any CPU
		{6E664DAF-2114-41C8-B61C-6B1024F5600E}.Release|Any CPU.ActiveCfg = Release|Any CPU
		{6E664DAF-2114-41C8-B61C-6B1024F5600E}.Release|Any CPU.Build.0 = Release|Any CPU
		{48CF13C6-6B17-4C6A-B887-688E3EDFBD57}.Debug|Any CPU.ActiveCfg = Debug|Any CPU
		{48CF13C6-6B17-4C6A-B887-688E3EDFBD57}.Debug|Any CPU.Build.0 = Debug|Any CPU
		{48CF13C6-6B17-4C6A-B887-688E3EDFBD57}.Release|Any CPU.ActiveCfg = Release|Any CPU
		{48CF13C6-6B17-4C6A-B887-688E3EDFBD57}.Release|Any CPU.Build.0 = Release|Any CPU
		{690B925D-1128-4A81-AA1B-4931E9AF2628}.Debug|Any CPU.ActiveCfg = Debug|Any CPU
		{690B925D-1128-4A81-AA1B-4931E9AF2628}.Debug|Any CPU.Build.0 = Debug|Any CPU
		{690B925D-1128-4A81-AA1B-4931E9AF2628}.Release|Any CPU.ActiveCfg = Release|Any CPU
		{690B925D-1128-4A81-AA1B-4931E9AF2628}.Release|Any CPU.Build.0 = Release|Any CPU
		{355358CD-4232-4540-92C2-AFAD0799C02E}.Debug|Any CPU.ActiveCfg = Debug|Any CPU
		{355358CD-4232-4540-92C2-AFAD0799C02E}.Debug|Any CPU.Build.0 = Debug|Any CPU
		{355358CD-4232-4540-92C2-AFAD0799C02E}.Release|Any CPU.ActiveCfg = Release|Any CPU
		{355358CD-4232-4540-92C2-AFAD0799C02E}.Release|Any CPU.Build.0 = Release|Any CPU
		{FB21120B-FE9B-4E51-A569-9C0C603FDDC3}.Debug|Any CPU.ActiveCfg = Debug|Any CPU
		{FB21120B-FE9B-4E51-A569-9C0C603FDDC3}.Debug|Any CPU.Build.0 = Debug|Any CPU
		{FB21120B-FE9B-4E51-A569-9C0C603FDDC3}.Release|Any CPU.ActiveCfg = Release|Any CPU
		{FB21120B-FE9B-4E51-A569-9C0C603FDDC3}.Release|Any CPU.Build.0 = Release|Any CPU
		{C940883F-4EAE-4872-A3DB-2473E2D3E33E}.Debug|Any CPU.ActiveCfg = Debug|Any CPU
		{C940883F-4EAE-4872-A3DB-2473E2D3E33E}.Debug|Any CPU.Build.0 = Debug|Any CPU
		{C940883F-4EAE-4872-A3DB-2473E2D3E33E}.Release|Any CPU.ActiveCfg = Release|Any CPU
		{C940883F-4EAE-4872-A3DB-2473E2D3E33E}.Release|Any CPU.Build.0 = Release|Any CPU
		{9690FD9E-54F4-4B44-A401-7D33D8E2896B}.Debug|Any CPU.ActiveCfg = Debug|Any CPU
		{9690FD9E-54F4-4B44-A401-7D33D8E2896B}.Debug|Any CPU.Build.0 = Debug|Any CPU
		{9690FD9E-54F4-4B44-A401-7D33D8E2896B}.Release|Any CPU.ActiveCfg = Release|Any CPU
		{9690FD9E-54F4-4B44-A401-7D33D8E2896B}.Release|Any CPU.Build.0 = Release|Any CPU
		{4828ACE9-7F35-443C-97AC-A787831D539D}.Debug|Any CPU.ActiveCfg = Debug|Any CPU
		{4828ACE9-7F35-443C-97AC-A787831D539D}.Debug|Any CPU.Build.0 = Debug|Any CPU
		{4828ACE9-7F35-443C-97AC-A787831D539D}.Release|Any CPU.ActiveCfg = Release|Any CPU
		{4828ACE9-7F35-443C-97AC-A787831D539D}.Release|Any CPU.Build.0 = Release|Any CPU
		{B4441992-1AA9-4ADE-A8B6-401B87DC7B7B}.Debug|Any CPU.ActiveCfg = Debug|Any CPU
		{B4441992-1AA9-4ADE-A8B6-401B87DC7B7B}.Debug|Any CPU.Build.0 = Debug|Any CPU
		{B4441992-1AA9-4ADE-A8B6-401B87DC7B7B}.Release|Any CPU.ActiveCfg = Release|Any CPU
		{B4441992-1AA9-4ADE-A8B6-401B87DC7B7B}.Release|Any CPU.Build.0 = Release|Any CPU
		{EECCB47A-D890-46BC-B487-B291ABF2A060}.Debug|Any CPU.ActiveCfg = Debug|Any CPU
		{EECCB47A-D890-46BC-B487-B291ABF2A060}.Debug|Any CPU.Build.0 = Debug|Any CPU
		{EECCB47A-D890-46BC-B487-B291ABF2A060}.Release|Any CPU.ActiveCfg = Release|Any CPU
		{EECCB47A-D890-46BC-B487-B291ABF2A060}.Release|Any CPU.Build.0 = Release|Any CPU
		{BEE73421-C7E4-47AF-8893-373091A93B51}.Debug|Any CPU.ActiveCfg = Debug|Any CPU
		{BEE73421-C7E4-47AF-8893-373091A93B51}.Debug|Any CPU.Build.0 = Debug|Any CPU
		{BEE73421-C7E4-47AF-8893-373091A93B51}.Release|Any CPU.ActiveCfg = Release|Any CPU
		{BEE73421-C7E4-47AF-8893-373091A93B51}.Release|Any CPU.Build.0 = Release|Any CPU
		{F068384B-2D31-4DD6-B2F0-39325FE50994}.Debug|Any CPU.ActiveCfg = Debug|Any CPU
		{F068384B-2D31-4DD6-B2F0-39325FE50994}.Debug|Any CPU.Build.0 = Debug|Any CPU
		{F068384B-2D31-4DD6-B2F0-39325FE50994}.Release|Any CPU.ActiveCfg = Release|Any CPU
		{F068384B-2D31-4DD6-B2F0-39325FE50994}.Release|Any CPU.Build.0 = Release|Any CPU
	EndGlobalSection
	GlobalSection(SolutionProperties) = preSolution
		HideSolutionNode = FALSE
	EndGlobalSection
	GlobalSection(ExtensibilityGlobals) = postSolution
		SolutionGuid = {6C74384A-B8BD-4BBC-891D-078B78F193B0}
	EndGlobalSection
EndGlobal
