
Microsoft Visual Studio Solution File, Format Version 12.00
# Visual Studio 15
VisualStudioVersion = 15.0.28307.1684
MinimumVisualStudioVersion = 10.0.40219.1
Project("{FAE04EC0-301F-11D3-BF4B-00C04F79EFBC}") = "38DataStructure", "38DataStructure\38DataStructure.csproj", "{42E859BB-39DE-4FB4-B258-6395F38965A8}"
EndProject
Global
	GlobalSection(SolutionConfigurationPlatforms) = preSolution
		Debug|Any CPU = Debug|Any CPU
		Release|Any CPU = Release|Any CPU
	EndGlobalSection
	GlobalSection(ProjectConfigurationPlatforms) = postSolution
		{42E859BB-39DE-4FB4-B258-6395F38965A8}.Debug|Any CPU.ActiveCfg = Debug|Any CPU
		{42E859BB-39DE-4FB4-B258-6395F38965A8}.Debug|Any CPU.Build.0 = Debug|Any CPU
		{42E859BB-39DE-4FB4-B258-6395F38965A8}.Release|Any CPU.ActiveCfg = Release|Any CPU
		{42E859BB-39DE-4FB4-B258-6395F38965A8}.Release|Any CPU.Build.0 = Release|Any CPU
	EndGlobalSection
	GlobalSection(SolutionProperties) = preSolution
		HideSolutionNode = FALSE
	EndGlobalSection
	GlobalSection(ExtensibilityGlobals) = postSolution
		SolutionGuid = {0DB50427-660E-4265-BA74-25225CB05226}
	EndGlobalSection
EndGlobal
